
Microsoft Visual Studio Solution File, Format Version 12.00
# Visual Studio 2012
Project("{FAE04EC0-301F-11D3-BF4B-00C04F79EFBC}") = "MapBoxQs", "MapBoxQs\MapBoxQs.csproj", "{38498DCE-6FE6-4A04-B9FD-AC7F3837EC0E}"
EndProject
Project("{FAE04EC0-301F-11D3-BF4B-00C04F79EFBC}") = "MapBoxQs.iOS", "iOS\MapBoxQs.iOS.csproj", "{9899334D-62C2-45EA-A799-8CF1D8B6AC5E}"
EndProject
Project("{FAE04EC0-301F-11D3-BF4B-00C04F79EFBC}") = "MapBoxQs.Droid", "Droid\MapBoxQs.Droid.csproj", "{BE104097-5ADB-4739-92CC-8FD300E12E8E}"
EndProject
Project("{FAE04EC0-301F-11D3-BF4B-00C04F79EFBC}") = "Naxam.Mapbox.Forms", "Naxam.Mapbox.Forms\Naxam.Mapbox.Forms.csproj", "{EBB04763-2E36-4D2C-94C9-351FBACE3C83}"
EndProject
Project("{FAE04EC0-301F-11D3-BF4B-00C04F79EFBC}") = "Naxam.Mapbox.Platform.Droid", "Naxam.Mapbox.Platform.Droid\Naxam.Mapbox.Platform.Droid.csproj", "{E4589CB9-67C1-46BA-A464-4B543D5E732A}"
EndProject
Project("{2150E333-8FDC-42A3-9474-1A3956D46DE8}") = "Naxam.Mapbox.Forms", "Naxam.Mapbox.Forms", "{CC219E0E-3822-4F20-9549-D4341744DF2D}"
EndProject
Project("{FAE04EC0-301F-11D3-BF4B-00C04F79EFBC}") = "Naxam.Mapbox.Platform.iOS", "Naxam.Mapbox.Platform.iOS\Naxam.Mapbox.Platform.iOS.csproj", "{DDB8E5F0-975B-4CFB-8A72-AE662C0D2E1B}"
EndProject
Project("{FAE04EC0-301F-11D3-BF4B-00C04F79EFBC}") = "Naxam.Mapbox.iOS", "xam_mapbox_sdk_ios\Naxam.Mapbox.iOS\Naxam.Mapbox.iOS.csproj", "{682AEE9E-B4F4-4BED-8D14-23582E4992FE}"
EndProject
Global
	GlobalSection(SolutionConfigurationPlatforms) = preSolution
		Debug|Any CPU = Debug|Any CPU
		Release|Any CPU = Release|Any CPU
		Debug|iPhoneSimulator = Debug|iPhoneSimulator
		Release|iPhone = Release|iPhone
		Release|iPhoneSimulator = Release|iPhoneSimulator
		Debug|iPhone = Debug|iPhone
	EndGlobalSection
	GlobalSection(ProjectConfigurationPlatforms) = postSolution
		{38498DCE-6FE6-4A04-B9FD-AC7F3837EC0E}.Debug|Any CPU.ActiveCfg = Debug|Any CPU
		{38498DCE-6FE6-4A04-B9FD-AC7F3837EC0E}.Debug|Any CPU.Build.0 = Debug|Any CPU
		{38498DCE-6FE6-4A04-B9FD-AC7F3837EC0E}.Release|Any CPU.ActiveCfg = Release|Any CPU
		{38498DCE-6FE6-4A04-B9FD-AC7F3837EC0E}.Release|Any CPU.Build.0 = Release|Any CPU
		{38498DCE-6FE6-4A04-B9FD-AC7F3837EC0E}.Debug|iPhoneSimulator.ActiveCfg = Debug|Any CPU
		{38498DCE-6FE6-4A04-B9FD-AC7F3837EC0E}.Debug|iPhoneSimulator.Build.0 = Debug|Any CPU
		{38498DCE-6FE6-4A04-B9FD-AC7F3837EC0E}.Release|iPhone.ActiveCfg = Release|Any CPU
		{38498DCE-6FE6-4A04-B9FD-AC7F3837EC0E}.Release|iPhone.Build.0 = Release|Any CPU
		{38498DCE-6FE6-4A04-B9FD-AC7F3837EC0E}.Release|iPhoneSimulator.ActiveCfg = Release|Any CPU
		{38498DCE-6FE6-4A04-B9FD-AC7F3837EC0E}.Release|iPhoneSimulator.Build.0 = Release|Any CPU
		{38498DCE-6FE6-4A04-B9FD-AC7F3837EC0E}.Debug|iPhone.ActiveCfg = Debug|Any CPU
		{38498DCE-6FE6-4A04-B9FD-AC7F3837EC0E}.Debug|iPhone.Build.0 = Debug|Any CPU
		{9899334D-62C2-45EA-A799-8CF1D8B6AC5E}.Debug|Any CPU.ActiveCfg = Debug|iPhoneSimulator
		{9899334D-62C2-45EA-A799-8CF1D8B6AC5E}.Debug|Any CPU.Build.0 = Debug|iPhoneSimulator
		{9899334D-62C2-45EA-A799-8CF1D8B6AC5E}.Release|Any CPU.ActiveCfg = Release|iPhone
		{9899334D-62C2-45EA-A799-8CF1D8B6AC5E}.Release|Any CPU.Build.0 = Release|iPhone
		{9899334D-62C2-45EA-A799-8CF1D8B6AC5E}.Debug|iPhoneSimulator.ActiveCfg = Debug|iPhoneSimulator
		{9899334D-62C2-45EA-A799-8CF1D8B6AC5E}.Debug|iPhoneSimulator.Build.0 = Debug|iPhoneSimulator
		{9899334D-62C2-45EA-A799-8CF1D8B6AC5E}.Release|iPhone.ActiveCfg = Release|iPhone
		{9899334D-62C2-45EA-A799-8CF1D8B6AC5E}.Release|iPhone.Build.0 = Release|iPhone
		{9899334D-62C2-45EA-A799-8CF1D8B6AC5E}.Release|iPhoneSimulator.ActiveCfg = Release|iPhoneSimulator
		{9899334D-62C2-45EA-A799-8CF1D8B6AC5E}.Release|iPhoneSimulator.Build.0 = Release|iPhoneSimulator
		{9899334D-62C2-45EA-A799-8CF1D8B6AC5E}.Debug|iPhone.ActiveCfg = Debug|iPhone
		{9899334D-62C2-45EA-A799-8CF1D8B6AC5E}.Debug|iPhone.Build.0 = Debug|iPhone
		{BE104097-5ADB-4739-92CC-8FD300E12E8E}.Debug|Any CPU.ActiveCfg = Debug|Any CPU
		{BE104097-5ADB-4739-92CC-8FD300E12E8E}.Debug|Any CPU.Build.0 = Debug|Any CPU
		{BE104097-5ADB-4739-92CC-8FD300E12E8E}.Release|Any CPU.ActiveCfg = Release|Any CPU
		{BE104097-5ADB-4739-92CC-8FD300E12E8E}.Release|Any CPU.Build.0 = Release|Any CPU
		{BE104097-5ADB-4739-92CC-8FD300E12E8E}.Debug|iPhoneSimulator.ActiveCfg = Debug|Any CPU
		{BE104097-5ADB-4739-92CC-8FD300E12E8E}.Debug|iPhoneSimulator.Build.0 = Debug|Any CPU
		{BE104097-5ADB-4739-92CC-8FD300E12E8E}.Release|iPhone.ActiveCfg = Release|Any CPU
		{BE104097-5ADB-4739-92CC-8FD300E12E8E}.Release|iPhone.Build.0 = Release|Any CPU
		{BE104097-5ADB-4739-92CC-8FD300E12E8E}.Release|iPhoneSimulator.ActiveCfg = Release|Any CPU
		{BE104097-5ADB-4739-92CC-8FD300E12E8E}.Release|iPhoneSimulator.Build.0 = Release|Any CPU
		{BE104097-5ADB-4739-92CC-8FD300E12E8E}.Debug|iPhone.ActiveCfg = Debug|Any CPU
		{BE104097-5ADB-4739-92CC-8FD300E12E8E}.Debug|iPhone.Build.0 = Debug|Any CPU
		{EBB04763-2E36-4D2C-94C9-351FBACE3C83}.Debug|Any CPU.ActiveCfg = Debug|Any CPU
		{EBB04763-2E36-4D2C-94C9-351FBACE3C83}.Debug|Any CPU.Build.0 = Debug|Any CPU
		{EBB04763-2E36-4D2C-94C9-351FBACE3C83}.Release|Any CPU.ActiveCfg = Release|Any CPU
		{EBB04763-2E36-4D2C-94C9-351FBACE3C83}.Release|Any CPU.Build.0 = Release|Any CPU
		{EBB04763-2E36-4D2C-94C9-351FBACE3C83}.Debug|iPhoneSimulator.ActiveCfg = Debug|Any CPU
		{EBB04763-2E36-4D2C-94C9-351FBACE3C83}.Debug|iPhoneSimulator.Build.0 = Debug|Any CPU
		{EBB04763-2E36-4D2C-94C9-351FBACE3C83}.Release|iPhone.ActiveCfg = Release|Any CPU
		{EBB04763-2E36-4D2C-94C9-351FBACE3C83}.Release|iPhone.Build.0 = Release|Any CPU
		{EBB04763-2E36-4D2C-94C9-351FBACE3C83}.Release|iPhoneSimulator.ActiveCfg = Release|Any CPU
		{EBB04763-2E36-4D2C-94C9-351FBACE3C83}.Release|iPhoneSimulator.Build.0 = Release|Any CPU
		{EBB04763-2E36-4D2C-94C9-351FBACE3C83}.Debug|iPhone.ActiveCfg = Debug|Any CPU
		{EBB04763-2E36-4D2C-94C9-351FBACE3C83}.Debug|iPhone.Build.0 = Debug|Any CPU
		{E4589CB9-67C1-46BA-A464-4B543D5E732A}.Debug|Any CPU.ActiveCfg = Debug|Any CPU
		{E4589CB9-67C1-46BA-A464-4B543D5E732A}.Debug|Any CPU.Build.0 = Debug|Any CPU
		{E4589CB9-67C1-46BA-A464-4B543D5E732A}.Release|Any CPU.ActiveCfg = Release|Any CPU
		{E4589CB9-67C1-46BA-A464-4B543D5E732A}.Release|Any CPU.Build.0 = Release|Any CPU
		{E4589CB9-67C1-46BA-A464-4B543D5E732A}.Debug|iPhoneSimulator.ActiveCfg = Debug|Any CPU
		{E4589CB9-67C1-46BA-A464-4B543D5E732A}.Debug|iPhoneSimulator.Build.0 = Debug|Any CPU
		{E4589CB9-67C1-46BA-A464-4B543D5E732A}.Release|iPhone.ActiveCfg = Release|Any CPU
		{E4589CB9-67C1-46BA-A464-4B543D5E732A}.Release|iPhone.Build.0 = Release|Any CPU
		{E4589CB9-67C1-46BA-A464-4B543D5E732A}.Release|iPhoneSimulator.ActiveCfg = Release|Any CPU
		{E4589CB9-67C1-46BA-A464-4B543D5E732A}.Release|iPhoneSimulator.Build.0 = Release|Any CPU
		{E4589CB9-67C1-46BA-A464-4B543D5E732A}.Debug|iPhone.ActiveCfg = Debug|Any CPU
		{E4589CB9-67C1-46BA-A464-4B543D5E732A}.Debug|iPhone.Build.0 = Debug|Any CPU
		{DDB8E5F0-975B-4CFB-8A72-AE662C0D2E1B}.Debug|Any CPU.ActiveCfg = Debug|Any CPU
		{DDB8E5F0-975B-4CFB-8A72-AE662C0D2E1B}.Debug|Any CPU.Build.0 = Debug|Any CPU
		{DDB8E5F0-975B-4CFB-8A72-AE662C0D2E1B}.Release|Any CPU.ActiveCfg = Release|Any CPU
		{DDB8E5F0-975B-4CFB-8A72-AE662C0D2E1B}.Release|Any CPU.Build.0 = Release|Any CPU
		{DDB8E5F0-975B-4CFB-8A72-AE662C0D2E1B}.Debug|iPhoneSimulator.ActiveCfg = Debug|Any CPU
		{DDB8E5F0-975B-4CFB-8A72-AE662C0D2E1B}.Debug|iPhoneSimulator.Build.0 = Debug|Any CPU
		{DDB8E5F0-975B-4CFB-8A72-AE662C0D2E1B}.Release|iPhone.ActiveCfg = Release|Any CPU
		{DDB8E5F0-975B-4CFB-8A72-AE662C0D2E1B}.Release|iPhone.Build.0 = Release|Any CPU
		{DDB8E5F0-975B-4CFB-8A72-AE662C0D2E1B}.Release|iPhoneSimulator.ActiveCfg = Release|Any CPU
		{DDB8E5F0-975B-4CFB-8A72-AE662C0D2E1B}.Release|iPhoneSimulator.Build.0 = Release|Any CPU
		{DDB8E5F0-975B-4CFB-8A72-AE662C0D2E1B}.Debug|iPhone.ActiveCfg = Debug|Any CPU
		{DDB8E5F0-975B-4CFB-8A72-AE662C0D2E1B}.Debug|iPhone.Build.0 = Debug|Any CPU
		{682AEE9E-B4F4-4BED-8D14-23582E4992FE}.Debug|Any CPU.ActiveCfg = Debug|Any CPU
		{682AEE9E-B4F4-4BED-8D14-23582E4992FE}.Debug|Any CPU.Build.0 = Debug|Any CPU
		{682AEE9E-B4F4-4BED-8D14-23582E4992FE}.Release|Any CPU.ActiveCfg = Release|Any CPU
		{682AEE9E-B4F4-4BED-8D14-23582E4992FE}.Release|Any CPU.Build.0 = Release|Any CPU
		{682AEE9E-B4F4-4BED-8D14-23582E4992FE}.Debug|iPhoneSimulator.ActiveCfg = Debug|Any CPU
		{682AEE9E-B4F4-4BED-8D14-23582E4992FE}.Debug|iPhoneSimulator.Build.0 = Debug|Any CPU
		{682AEE9E-B4F4-4BED-8D14-23582E4992FE}.Release|iPhone.ActiveCfg = Release|Any CPU
		{682AEE9E-B4F4-4BED-8D14-23582E4992FE}.Release|iPhone.Build.0 = Release|Any CPU
		{682AEE9E-B4F4-4BED-8D14-23582E4992FE}.Release|iPhoneSimulator.ActiveCfg = Release|Any CPU
		{682AEE9E-B4F4-4BED-8D14-23582E4992FE}.Release|iPhoneSimulator.Build.0 = Release|Any CPU
		{682AEE9E-B4F4-4BED-8D14-23582E4992FE}.Debug|iPhone.ActiveCfg = Debug|Any CPU
		{682AEE9E-B4F4-4BED-8D14-23582E4992FE}.Debug|iPhone.Build.0 = Debug|Any CPU
	EndGlobalSection
	GlobalSection(NestedProjects) = preSolution
		{EBB04763-2E36-4D2C-94C9-351FBACE3C83} = {CC219E0E-3822-4F20-9549-D4341744DF2D}
		{E4589CB9-67C1-46BA-A464-4B543D5E732A} = {CC219E0E-3822-4F20-9549-D4341744DF2D}
		{DDB8E5F0-975B-4CFB-8A72-AE662C0D2E1B} = {CC219E0E-3822-4F20-9549-D4341744DF2D}
	EndGlobalSection
EndGlobal
